
Microsoft Visual Studio Solution File, Format Version 12.00
Project("{FAE04EC0-301F-11D3-BF4B-00C04F79EFBC}") = "Module11", "Module11.csproj", "{6552D099-5D38-4827-ABC1-1F8032A24EA5}"
EndProject
Global
	GlobalSection(SolutionConfigurationPlatforms) = preSolution
		Debug|Any CPU = Debug|Any CPU
		Release|Any CPU = Release|Any CPU
	EndGlobalSection
	GlobalSection(ProjectConfigurationPlatforms) = postSolution
		{6552D099-5D38-4827-ABC1-1F8032A24EA5}.Debug|Any CPU.ActiveCfg = Debug|Any CPU
		{6552D099-5D38-4827-ABC1-1F8032A24EA5}.Debug|Any CPU.Build.0 = Debug|Any CPU
		{6552D099-5D38-4827-ABC1-1F8032A24EA5}.Release|Any CPU.ActiveCfg = Release|Any CPU
		{6552D099-5D38-4827-ABC1-1F8032A24EA5}.Release|Any CPU.Build.0 = Release|Any CPU
	EndGlobalSection
EndGlobal
