
Microsoft Visual Studio Solution File, Format Version 12.00
# Visual Studio Version 17
VisualStudioVersion = 17.13.35919.96
MinimumVisualStudioVersion = 10.0.40219.1
Project("{FAE04EC0-301F-11D3-BF4B-00C04F79EFBC}") = "Module9", "Module9.csproj", "{EC199B64-E3A8-4D5B-AE1F-55FB38AEDB0F}"
EndProject
Global
	GlobalSection(SolutionConfigurationPlatforms) = preSolution
		Debug|Any CPU = Debug|Any CPU
		Release|Any CPU = Release|Any CPU
	EndGlobalSection
	GlobalSection(ProjectConfigurationPlatforms) = postSolution
		{EC199B64-E3A8-4D5B-AE1F-55FB38AEDB0F}.Debug|Any CPU.ActiveCfg = Debug|Any CPU
		{EC199B64-E3A8-4D5B-AE1F-55FB38AEDB0F}.Debug|Any CPU.Build.0 = Debug|Any CPU
		{EC199B64-E3A8-4D5B-AE1F-55FB38AEDB0F}.Release|Any CPU.ActiveCfg = Release|Any CPU
		{EC199B64-E3A8-4D5B-AE1F-55FB38AEDB0F}.Release|Any CPU.Build.0 = Release|Any CPU
	EndGlobalSection
	GlobalSection(SolutionProperties) = preSolution
		HideSolutionNode = FALSE
	EndGlobalSection
	GlobalSection(ExtensibilityGlobals) = postSolution
		SolutionGuid = {6D72D68C-8A03-4DE3-98CC-55CB0939D82B}
	EndGlobalSection
EndGlobal
