
Microsoft Visual Studio Solution File, Format Version 12.00
Project("{FAE04EC0-301F-11D3-BF4B-00C04F79EFBC}") = "Module13", "Module13.csproj", "{A21A0B4E-544D-48EA-9109-7E35D927946B}"
EndProject
Global
	GlobalSection(SolutionConfigurationPlatforms) = preSolution
		Debug|Any CPU = Debug|Any CPU
		Release|Any CPU = Release|Any CPU
	EndGlobalSection
	GlobalSection(ProjectConfigurationPlatforms) = postSolution
		{A21A0B4E-544D-48EA-9109-7E35D927946B}.Debug|Any CPU.ActiveCfg = Debug|Any CPU
		{A21A0B4E-544D-48EA-9109-7E35D927946B}.Debug|Any CPU.Build.0 = Debug|Any CPU
		{A21A0B4E-544D-48EA-9109-7E35D927946B}.Release|Any CPU.ActiveCfg = Release|Any CPU
		{A21A0B4E-544D-48EA-9109-7E35D927946B}.Release|Any CPU.Build.0 = Release|Any CPU
	EndGlobalSection
EndGlobal
